
Microsoft Visual Studio Solution File, Format Version 12.00
# Visual Studio Version 16
VisualStudioVersion = 16.0.31624.102
MinimumVisualStudioVersion = 10.0.40219.1
Project("{9A19103F-16F7-4668-BE54-9A1E7A4F7556}") = "ALPHABETS PATTERN", "ConsoleApp3\ALPHABETS PATTERN.csproj", "{785FFACA-9863-460C-A7B5-FE2A3BECC4DB}"
EndProject
Global
	GlobalSection(SolutionConfigurationPlatforms) = preSolution
		Debug|Any CPU = Debug|Any CPU
		Release|Any CPU = Release|Any CPU
	EndGlobalSection
	GlobalSection(ProjectConfigurationPlatforms) = postSolution
		{785FFACA-9863-460C-A7B5-FE2A3BECC4DB}.Debug|Any CPU.ActiveCfg = Debug|Any CPU
		{785FFACA-9863-460C-A7B5-FE2A3BECC4DB}.Debug|Any CPU.Build.0 = Debug|Any CPU
		{785FFACA-9863-460C-A7B5-FE2A3BECC4DB}.Release|Any CPU.ActiveCfg = Release|Any CPU
		{785FFACA-9863-460C-A7B5-FE2A3BECC4DB}.Release|Any CPU.Build.0 = Release|Any CPU
	EndGlobalSection
	GlobalSection(SolutionProperties) = preSolution
		HideSolutionNode = FALSE
	EndGlobalSection
	GlobalSection(ExtensibilityGlobals) = postSolution
		SolutionGuid = {FE5A8600-F930-422D-9DBE-B07916E25C9E}
	EndGlobalSection
EndGlobal
